{
  "name": "acolite",
  "version": "0.0.1",
  "lockfileVersion": 1,
  "requires": true,
  "dependencies": {
    "@angular/material": {
      "version": "12.2.8",
      "resolved": "https://registry.npmjs.org/@angular/material/-/material-12.2.8.tgz",
      "integrity": "sha512-wRTaTZIGC9+2e8aft44V9Qqwp3PsR9AG0FeJ0spl8mdOlYEqMMyoRXjvMiWIjo2ywxHLoQgLXXsWn3ip2xnnVg==",
      "requires": {
        "tslib": "^2.2.0"
      }
    },
    "@electron/remote": {
      "version": "1.2.0",
      "resolved": "https://registry.npmjs.org/@electron/remote/-/remote-1.2.0.tgz",
      "integrity": "sha512-C774t2DFVJsa+dxU9Gc2nYzylRZoJ79I0Sxrh8T9cN69fBkntfGbyBEQiD9UfZopqL0CYLzk1anY2Ywhql6h1w=="
    },
    "flatted": {
      "version": "3.2.2",
      "resolved": "https://registry.npmjs.org/flatted/-/flatted-3.2.2.tgz",
      "integrity": "sha512-JaTY/wtrcSyvXJl4IMFHPKyFur1sE9AUqc0QnhOaJ0CxHtAoIV8pYDzeEfAaNEtGkOfq4gr3LBFmdXW5mOQFnA=="
    },
    "primeflex": {
      "version": "3.0.1",
      "resolved": "https://registry.npmjs.org/primeflex/-/primeflex-3.0.1.tgz",
      "integrity": "sha512-OmBVecmPyXFjIHuOmcbUVGJPh+2TPF3bBVO9ENtu4O4kF6taZThxGrxaWCljkfu6427wLfgDbtFKqq1vU2nj/Q=="
    },
    "primeicons": {
      "version": "4.1.0",
      "resolved": "https://registry.npmjs.org/primeicons/-/primeicons-4.1.0.tgz",
      "integrity": "sha512-uEv2pSPk1zQCfaB2VgnUfnUxxlGryYi+5rbdxmZBBt5v9S/pscIQYS5YDLxsQZ7D9jn5c76+Tx5wX/2J1nK6sA=="
    },
    "primeng": {
      "version": "12.2.0",
      "resolved": "https://registry.npmjs.org/primeng/-/primeng-12.2.0.tgz",
      "integrity": "sha512-EKU6VRDPbE9VzPzP/XbSTT2oEBV/RVbREzgXENUIIYdEmaPpRao/j6MDnX6niKKBe7VWA50hf18djhSQgAsCOg==",
      "requires": {
        "tslib": "^2.1.0"
      }
    },
    "runtypes": {
      "version": "6.4.1",
      "resolved": "https://registry.npmjs.org/runtypes/-/runtypes-6.4.1.tgz",
      "integrity": "sha512-L4a5LGXtYFdZmW6L2kVT2tA1mBXBdNTC9qGUHu9LMKEUPvDeWGxMMyP82NyfjwYFGGyoPADVvAHmwNrAHEDzhA=="
    },
    "tslib": {
      "version": "2.3.1",
      "resolved": "https://registry.npmjs.org/tslib/-/tslib-2.3.1.tgz",
      "integrity": "sha512-77EbyPPpMz+FRFRuAFlWMtmgUWGe9UOG2Z25NqCwiIjRhOf5iKGuzSe5P2w1laq+FkRy4p+PCuVkJSGkzTEKVw=="
    }
  }
}
